{
    "_readme": [
        "This file locks the dependencies of your project to a known state",
        "Read more about it at https://getcomposer.org/doc/01-basic-usage.md#composer-lock-the-lock-file",
        "This file is @generated automatically"
    ],
    "content-hash": "932a8c7803a8ac1ca446b13e9997274f",
    "packages": [],
    "packages-dev": [
        {
            "name": "noresources/ns-php-core",
            "version": "2.0.x-dev",
            "source": {
                "type": "git",
                "url": "https://github.com/noresources/ns-php-core",
                "reference": "aabd422cb54f68757ab17e26af68f3ccd4309de1"
            },
            "require": {
                "php": ">= 5.3"
            },
            "require-dev": {
                "phpunit/phpunit": "^4.8"
            },
            "type": "library",
            "autoload": {
                "psr-4": {
                    "NoreSources\\": "./"
                }
            },
            "scripts": {
                "tests": [
                    "@php  ./vendor/bin/phpunit --bootstrap core.autoload.inc.php tests"
                ]
            },
            "license": [
                "MIT"
            ],
            "authors": [
                {
                    "name": "Renaud Guillard",
                    "email": "dev@nore.fr",
                    "role": "lead"
                }
            ],
            "description": "Utility class library for PHP",
            "support": {
                "issues": "https://github.com/noresources/ns-php-core/issues"
            },
            "time": "2019-07-07T22:21:59+00:00"
        },
        {
            "name": "noresources/ns-php-xslt",
            "version": "2.0.x-dev",
            "source": {
                "type": "git",
                "url": "https://github.com/noresources/ns-php-xslt",
                "reference": "8a82b7a67f2fcdaf4cfd72dbdaf9aec8f25d8686"
            },
            "require": {
                "ext-dom": "*",
                "ext-xsl": "*",
                "noresources/ns-php-core": "~2.0",
                "php": ">= 5.4"
            },
            "require-dev": {
                "phpunit/phpunit": "^4.8"
            },
            "type": "library",
            "autoload": {
                "psr-4": {
                    "NoreSources\\XSLT\\": "./"
                }
            },
            "license": [
                "MIT"
            ],
            "authors": [
                {
                    "name": "Renaud Guillard",
                    "email": "dev@nore.fr",
                    "role": "lead"
                }
            ],
            "description": "XSLT-related class library for PHP",
            "support": {
                "issues": "https://github.com/noresources/ns-php-xslt/issues"
            },
            "time": "2019-07-07T22:21:11+00:00"
        },
        {
            "name": "noresources/ns-xml",
            "version": "dev-ns-php-tools",
            "source": {
                "type": "git",
                "url": "https://github.com/noresources/ns-xml",
                "reference": "79d61919e63a13c26d60be5fecc447e9e19fab3e"
            },
            "require": {
                "php": ">= 5.3"
            },
            "require-dev": {
                "noresources/ns-php-xslt": "^2.0"
            },
            "bin": [
                "ns/sh/build-php.sh",
                "ns/sh/xsltdeps.sh",
                "ns/sh/prgproc.sh",
                "ns/sh/new-xsh.sh",
                "ns/sh/build-xulapp.sh",
                "ns/sh/sampleapp.sh",
                "ns/sh/build-python.sh",
                "ns/sh/build-shellscript.sh",
                "ns/sh/build-c.sh",
                "ns/sh/build-php.sh",
                "ns/sh/xsltdeps.sh",
                "ns/sh/prgproc.sh",
                "ns/sh/new-xsh.sh",
                "ns/sh/build-xulapp.sh",
                "ns/sh/sampleapp.sh",
                "ns/sh/build-python.sh",
                "ns/sh/build-shellscript.sh",
                "ns/sh/build-c.sh"
            ],
            "type": "project",
            "autoload": {
                "psr-4": {
                    "NoreSources\\NSXML\\Composer\\": "tools/php/composer//"
                }
            },
            "scripts": {
                "post-update-cmd": [
                    "@php tools/php/amalgamation.php"
                ]
            },
            "license": [
                "MIT"
            ],
            "authors": [
                {
                    "name": "Renaud Guillard",
                    "email": "dev@nore.fr",
                    "role": "lead"
                }
            ],
            "description": "A collection of NSXML-based tools to generate source code and programs",
            "homepage": "https://ns-xml.nore.fr",
            "support": {
                "issues": "https://github.com/noresources/ns-xml/issues"
            },
            "time": "2019-07-07T22:23:30+00:00"
        }
    ],
    "aliases": [],
    "minimum-stability": "dev",
    "stability-flags": [],
    "prefer-stable": false,
    "prefer-lowest": false,
    "platform": {
        "php": ">= 5.4",
        "ext-dom": "*",
        "ext-xml": "*",
        "ext-xsl": "*"
    },
    "platform-dev": []
}
